{
  "nodes": {
    "home-manager": {
      "inputs": {
        "nixpkgs": [
          "nixpkgs"
        ]
      },
      "locked": {
        "lastModified": 1700392168,
        "narHash": "sha256-v5LprEFx3u4+1vmds9K0/i7sHjT0IYGs7u9v54iz/OA=",
        "owner": "nix-community",
        "repo": "home-manager",
        "rev": "28535c3a34d79071f2ccb68671971ce0c0984d7e",
        "type": "github"
      },
      "original": {
        "owner": "nix-community",
        "ref": "release-23.05",
        "repo": "home-manager",
        "type": "github"
      }
    },
    "nixos-hardware": {
      "locked": {
        "lastModified": 1700392353,
        "narHash": "sha256-KARn8aVJu5fdW0jdJYoOQ1SPqWlNdz4l7r90NbArWSY=",
        "owner": "NixOS",
        "repo": "nixos-hardware",
        "rev": "2b00bc76dc893cd996a3d76a2f059d657a5ef37a",
        "type": "github"
      },
      "original": {
        "owner": "NixOS",
        "ref": "master",
        "repo": "nixos-hardware",
        "type": "github"
      }
    },
    "nixpkgs": {
      "locked": {
        "lastModified": 1700416016,
        "narHash": "sha256-Qp8Of0BUYGjqodmE912h+/uGknB7J11ypcQMKnEDUrg=",
        "owner": "nixos",
        "repo": "nixpkgs",
        "rev": "0bf3f5cf6a98b5d077cdcdb00a6d4b3d92bc78b5",
        "type": "github"
      },
      "original": {
        "owner": "nixos",
        "ref": "nixpkgs-unstable",
        "repo": "nixpkgs",
        "type": "github"
      }
    },
    "root": {
      "inputs": {
        "home-manager": "home-manager",
        "nixos-hardware": "nixos-hardware",
        "nixpkgs": "nixpkgs"
      }
    }
  },
  "root": "root",
  "version": 7
}
