{
  "nodes": {
    "home-manager": {
      "inputs": {
        "nixpkgs": "nixpkgs"
      },
      "locked": {
        "lastModified": 1700261686,
        "narHash": "sha256-kplQg6hKFNuWKrOyGp9D//G/WH1nHGJ43r2m7fagTYY=",
        "owner": "nix-community",
        "repo": "home-manager",
        "rev": "ecd0a800f716b80a6eac58a7ac34d6d33e6fa5ee",
        "type": "github"
      },
      "original": {
        "id": "home-manager",
        "type": "indirect"
      }
    },
    "nixpkgs": {
      "locked": {
        "lastModified": 1697456312,
        "narHash": "sha256-roiSnrqb5r+ehnKCauPLugoU8S36KgmWraHgRqVYndo=",
        "owner": "NixOS",
        "repo": "nixpkgs",
        "rev": "ca012a02bf8327be9e488546faecae5e05d7d749",
        "type": "github"
      },
      "original": {
        "owner": "NixOS",
        "ref": "nixos-unstable",
        "repo": "nixpkgs",
        "type": "github"
      }
    },
    "nixpkgs_2": {
      "locked": {
        "lastModified": 1700097215,
        "narHash": "sha256-ODQ3gBTv1iHd7lG21H+ErVISB5wVeOhd/dEogOqHs/I=",
        "owner": "nixos",
        "repo": "nixpkgs",
        "rev": "9fb122519e9cd465d532f736a98c1e1eb541ef6f",
        "type": "github"
      },
      "original": {
        "owner": "nixos",
        "ref": "nixos-23.05",
        "repo": "nixpkgs",
        "type": "github"
      }
    },
    "root": {
      "inputs": {
        "home-manager": "home-manager",
        "nixpkgs": "nixpkgs_2"
      }
    }
  },
  "root": "root",
  "version": 7
}
