{
  "nodes": {
    "acme": {
      "inputs": {
        "nix-node-package": "nix-node-package",
        "nixpkgs": [
          "nixpkgs"
        ]
      },
      "locked": {
        "lastModified": 1697198256,
        "narHash": "sha256-ZIG5nDw+0HAOMYkfyg/d2QYV6M5dowNxqYJwzs8FNl4=",
        "ref": "refs/heads/master",
        "rev": "5e6e4850cc0d4dfccbfc1c4cb4c7297f5fa14c72",
        "revCount": 57,
        "type": "git",
        "url": "https://git.xeredo.it/xeredo/nixdeploy/acme-distributor"
      },
      "original": {
        "type": "git",
        "url": "https://git.xeredo.it/xeredo/nixdeploy/acme-distributor"
      }
    },
    "acme_2": {
      "inputs": {
        "nix-node-package": "nix-node-package_2",
        "nixpkgs": [
          "xnix",
          "nixpkgs"
        ]
      },
      "locked": {
        "lastModified": 1697198256,
        "narHash": "sha256-ZIG5nDw+0HAOMYkfyg/d2QYV6M5dowNxqYJwzs8FNl4=",
        "ref": "refs/heads/master",
        "rev": "5e6e4850cc0d4dfccbfc1c4cb4c7297f5fa14c72",
        "revCount": 57,
        "type": "git",
        "url": "https://git.xeredo.it/xeredo/nixdeploy/acme-distributor"
      },
      "original": {
        "type": "git",
        "url": "https://git.xeredo.it/xeredo/nixdeploy/acme-distributor"
      }
    },
    "disko": {
      "inputs": {
        "nixpkgs": [
          "nixpkgs"
        ]
      },
      "locked": {
        "lastModified": 1726590912,
        "narHash": "sha256-5bxY85siOIqOcQ8TOMAWLkMUZvLUADS2i5TsZhzUIZY=",
        "owner": "nix-community",
        "repo": "disko",
        "rev": "d32d1504c77d7f6ba7e033357dcf638baceab9b7",
        "type": "github"
      },
      "original": {
        "owner": "nix-community",
        "repo": "disko",
        "type": "github"
      }
    },
    "home-manager": {
      "inputs": {
        "nixpkgs": [
          "nixpkgs"
        ]
      },
      "locked": {
        "lastModified": 1716729631,
        "narHash": "sha256-IerjU5GUeKc0eW9FPOdlPveSGJ2ZrO+lIfuHPUmUF2I=",
        "owner": "nix-community",
        "repo": "home-manager",
        "rev": "fc4492181833eaaa7a26a8081c0615d95792d825",
        "type": "github"
      },
      "original": {
        "owner": "nix-community",
        "ref": "release-23.05",
        "repo": "home-manager",
        "type": "github"
      }
    },
    "mkg": {
      "locked": {
        "lastModified": 1614068235,
        "narHash": "sha256-Dr0PgVPKTzjywh0nLaY8KWk41jJe/vJE4bzf+LF/1zg=",
        "owner": "mkg20001",
        "repo": "mkg-nix",
        "rev": "12824e22b2942f912348c940fc8572120e8a67b3",
        "type": "github"
      },
      "original": {
        "owner": "mkg20001",
        "ref": "master",
        "repo": "mkg-nix",
        "type": "github"
      }
    },
    "mkg-mod": {
      "inputs": {
        "nixpkgs": [
          "nixpkgs"
        ]
      },
      "locked": {
        "lastModified": 1711560527,
        "narHash": "sha256-Qt+4ZiN10mja1YGemVsVd6VbrwmnJIs8lcNSX6M7EOk=",
        "owner": "mkg20001",
        "repo": "mkg-mod",
        "rev": "b922ffba381de26df36107f1ef8333b215cf5e09",
        "type": "github"
      },
      "original": {
        "owner": "mkg20001",
        "ref": "master",
        "repo": "mkg-mod",
        "type": "github"
      }
    },
    "nix-node-package": {
      "locked": {
        "lastModified": 1645439390,
        "narHash": "sha256-mYkNbWBzQkv7O0mVZ4llqo9ZNeeo/IWPJk5WMa34SgQ=",
        "owner": "mkg20001",
        "repo": "nix-node-package",
        "rev": "03285e212016db5f28530563b58cfcc5706ff73f",
        "type": "github"
      },
      "original": {
        "owner": "mkg20001",
        "ref": "master",
        "repo": "nix-node-package",
        "type": "github"
      }
    },
    "nix-node-package_2": {
      "locked": {
        "lastModified": 1645439390,
        "narHash": "sha256-mYkNbWBzQkv7O0mVZ4llqo9ZNeeo/IWPJk5WMa34SgQ=",
        "owner": "mkg20001",
        "repo": "nix-node-package",
        "rev": "03285e212016db5f28530563b58cfcc5706ff73f",
        "type": "github"
      },
      "original": {
        "owner": "mkg20001",
        "ref": "master",
        "repo": "nix-node-package",
        "type": "github"
      }
    },
    "nix-node-package_3": {
      "locked": {
        "lastModified": 1694372307,
        "narHash": "sha256-18dhHWJfa0QB0fPsaYvRwGd86BVn6xMkN6mDmiDKack=",
        "owner": "mkg20001",
        "repo": "nix-node-package",
        "rev": "97ac59276f12f768062e4eb336fc77079d5fb6a0",
        "type": "github"
      },
      "original": {
        "owner": "mkg20001",
        "ref": "master",
        "repo": "nix-node-package",
        "type": "github"
      }
    },
    "nix-node-package_4": {
      "locked": {
        "lastModified": 1631348881,
        "narHash": "sha256-bG/wwzf14M1aCNVaL/KD1F+3uiY734d6G23g4eLWBI8=",
        "owner": "mkg20001",
        "repo": "nix-node-package",
        "rev": "7e149259a3ff32b68dff3ddcb697a906b03e2bca",
        "type": "github"
      },
      "original": {
        "owner": "mkg20001",
        "ref": "master",
        "repo": "nix-node-package",
        "type": "github"
      }
    },
    "nix-node-package_5": {
      "locked": {
        "lastModified": 1645439390,
        "narHash": "sha256-mYkNbWBzQkv7O0mVZ4llqo9ZNeeo/IWPJk5WMa34SgQ=",
        "owner": "mkg20001",
        "repo": "nix-node-package",
        "rev": "03285e212016db5f28530563b58cfcc5706ff73f",
        "type": "github"
      },
      "original": {
        "owner": "mkg20001",
        "ref": "master",
        "repo": "nix-node-package",
        "type": "github"
      }
    },
    "nixos-hardware": {
      "locked": {
        "lastModified": 1726489388,
        "narHash": "sha256-JBHtN+n1HzKawpnOQAz6jdgvrtYV9c/kyzgoIdguQGo=",
        "owner": "NixOS",
        "repo": "nixos-hardware",
        "rev": "dc8b0296f68f72f3fe77469c549a6f098555c2e9",
        "type": "github"
      },
      "original": {
        "owner": "NixOS",
        "ref": "master",
        "repo": "nixos-hardware",
        "type": "github"
      }
    },
    "nixpkgs": {
      "locked": {
        "lastModified": 1726463316,
        "narHash": "sha256-gI9kkaH0ZjakJOKrdjaI/VbaMEo9qBbSUl93DnU7f4c=",
        "owner": "nixos",
        "repo": "nixpkgs",
        "rev": "99dc8785f6a0adac95f5e2ab05cc2e1bf666d172",
        "type": "github"
      },
      "original": {
        "owner": "nixos",
        "ref": "nixos-unstable",
        "repo": "nixpkgs",
        "type": "github"
      }
    },
    "root": {
      "inputs": {
        "acme": "acme",
        "disko": "disko",
        "home-manager": "home-manager",
        "mkg-mod": "mkg-mod",
        "nixos-hardware": "nixos-hardware",
        "nixpkgs": "nixpkgs",
        "xnix": "xnix"
      }
    },
    "xnix": {
      "inputs": {
        "acme": "acme_2",
        "mkg": "mkg",
        "nix-node-package": "nix-node-package_3",
        "nixpkgs": [
          "nixpkgs"
        ],
        "xup": "xup",
        "xzar-client": "xzar-client"
      },
      "locked": {
        "lastModified": 1723902740,
        "narHash": "sha256-ckUN8R9ca+ZTEs+8x28Eg3V4qob8DCcuT4+lQQs8wGY=",
        "ref": "refs/heads/master",
        "rev": "d389057b3092be860620e010b45cf082b2cd2b60",
        "revCount": 214,
        "type": "git",
        "url": "https://git.xeredo.it/xeredo/xnix.git"
      },
      "original": {
        "type": "git",
        "url": "https://git.xeredo.it/xeredo/xnix.git"
      }
    },
    "xup": {
      "inputs": {
        "nix-node-package": "nix-node-package_4",
        "nixpkgs": [
          "xnix",
          "nixpkgs"
        ]
      },
      "locked": {
        "lastModified": 1636544190,
        "narHash": "sha256-VHMQO6ur98QF+z14aYgPcS5gh5PV+cEQFthwkRaJR+8=",
        "ref": "refs/heads/master",
        "rev": "b2b2d7c70810d47d57594c8b171cb9bf2b5aad02",
        "revCount": 50,
        "type": "git",
        "url": "https://git.xeredo.it/xeredo/xup"
      },
      "original": {
        "type": "git",
        "url": "https://git.xeredo.it/xeredo/xup"
      }
    },
    "xzar-client": {
      "inputs": {
        "nix-node-package": "nix-node-package_5",
        "nixpkgs": [
          "xnix",
          "nixpkgs"
        ]
      },
      "locked": {
        "lastModified": 1679591128,
        "narHash": "sha256-RVyQM9yTWin06ZG83ha6hET3AypHn9xbLzzlfP/6FB4=",
        "ref": "refs/heads/master",
        "rev": "ad4fc7382d89cc73221b8fd0859be5875e9dd782",
        "revCount": 37,
        "type": "git",
        "url": "https://git.xeredo.it/xeredo/xzar/xzar-client"
      },
      "original": {
        "type": "git",
        "url": "https://git.xeredo.it/xeredo/xzar/xzar-client"
      }
    }
  },
  "root": "root",
  "version": 7
}
